
Microsoft Visual Studio Solution File, Format Version 11.00
# Visual Studio 2010
Project("{FAE04EC0-301F-11D3-BF4B-00C04F79EFBC}") = "Anagrams-Web", "Anagrams-Web\Anagrams-Web.csproj", "{8295BBC8-D022-4D2C-A671-F70D6B2559F6}"
EndProject
Project("{2150E333-8FDC-42A3-9474-1A3956D46DE8}") = "jsTestDriver", "jsTestDriver", "{E3263ABB-05E7-48D3-BC22-41122BBCED7C}"
	ProjectSection(SolutionItems) = preProject
		jsTestDriver.conf = jsTestDriver.conf
	EndProjectSection
EndProject
Global
	GlobalSection(SolutionConfigurationPlatforms) = preSolution
		Debug|Any CPU = Debug|Any CPU
		Release|Any CPU = Release|Any CPU
	EndGlobalSection
	GlobalSection(ProjectConfigurationPlatforms) = postSolution
		{8295BBC8-D022-4D2C-A671-F70D6B2559F6}.Debug|Any CPU.ActiveCfg = Debug|Any CPU
		{8295BBC8-D022-4D2C-A671-F70D6B2559F6}.Debug|Any CPU.Build.0 = Debug|Any CPU
		{8295BBC8-D022-4D2C-A671-F70D6B2559F6}.Release|Any CPU.ActiveCfg = Release|Any CPU
		{8295BBC8-D022-4D2C-A671-F70D6B2559F6}.Release|Any CPU.Build.0 = Release|Any CPU
	EndGlobalSection
	GlobalSection(SolutionProperties) = preSolution
		HideSolutionNode = FALSE
	EndGlobalSection
EndGlobal
